
Microsoft Visual Studio Solution File, Format Version 12.00
# Visual Studio 15
VisualStudioVersion = 15.0.28307.705
MinimumVisualStudioVersion = 10.0.40219.1
Project("{9A19103F-16F7-4668-BE54-9A1E7A4F7556}") = "Dominio", "Dominio\Dominio.csproj", "{E34F55F0-1C04-4BB7-9F1B-243EEF226C4A}"
EndProject
Project("{9A19103F-16F7-4668-BE54-9A1E7A4F7556}") = "Teste", "Teste\Teste.csproj", "{CDB12468-8062-4C97-856A-5341846D0374}"
EndProject
Project("{9A19103F-16F7-4668-BE54-9A1E7A4F7556}") = "UX", "UX\UX.csproj", "{AE12220A-FB42-4309-93CD-675FC41CC7DD}"
EndProject
Project("{FAE04EC0-301F-11D3-BF4B-00C04F79EFBC}") = "Infrra", "Infrra\Infrra.csproj", "{9E7E54F4-EBFC-401E-8C50-E09CFA8CFBE6}"
EndProject
Project("{FAE04EC0-301F-11D3-BF4B-00C04F79EFBC}") = "API", "API\API.csproj", "{18F9E2C7-0BEA-49D4-9A31-17D457BC9199}"
EndProject
Global
	GlobalSection(SolutionConfigurationPlatforms) = preSolution
		Debug|Any CPU = Debug|Any CPU
		Release|Any CPU = Release|Any CPU
	EndGlobalSection
	GlobalSection(ProjectConfigurationPlatforms) = postSolution
		{E34F55F0-1C04-4BB7-9F1B-243EEF226C4A}.Debug|Any CPU.ActiveCfg = Debug|Any CPU
		{E34F55F0-1C04-4BB7-9F1B-243EEF226C4A}.Debug|Any CPU.Build.0 = Debug|Any CPU
		{E34F55F0-1C04-4BB7-9F1B-243EEF226C4A}.Release|Any CPU.ActiveCfg = Release|Any CPU
		{E34F55F0-1C04-4BB7-9F1B-243EEF226C4A}.Release|Any CPU.Build.0 = Release|Any CPU
		{CDB12468-8062-4C97-856A-5341846D0374}.Debug|Any CPU.ActiveCfg = Debug|Any CPU
		{CDB12468-8062-4C97-856A-5341846D0374}.Debug|Any CPU.Build.0 = Debug|Any CPU
		{CDB12468-8062-4C97-856A-5341846D0374}.Release|Any CPU.ActiveCfg = Release|Any CPU
		{CDB12468-8062-4C97-856A-5341846D0374}.Release|Any CPU.Build.0 = Release|Any CPU
		{AE12220A-FB42-4309-93CD-675FC41CC7DD}.Debug|Any CPU.ActiveCfg = Debug|Any CPU
		{AE12220A-FB42-4309-93CD-675FC41CC7DD}.Debug|Any CPU.Build.0 = Debug|Any CPU
		{AE12220A-FB42-4309-93CD-675FC41CC7DD}.Release|Any CPU.ActiveCfg = Release|Any CPU
		{AE12220A-FB42-4309-93CD-675FC41CC7DD}.Release|Any CPU.Build.0 = Release|Any CPU
		{9E7E54F4-EBFC-401E-8C50-E09CFA8CFBE6}.Debug|Any CPU.ActiveCfg = Debug|Any CPU
		{9E7E54F4-EBFC-401E-8C50-E09CFA8CFBE6}.Debug|Any CPU.Build.0 = Debug|Any CPU
		{9E7E54F4-EBFC-401E-8C50-E09CFA8CFBE6}.Release|Any CPU.ActiveCfg = Release|Any CPU
		{9E7E54F4-EBFC-401E-8C50-E09CFA8CFBE6}.Release|Any CPU.Build.0 = Release|Any CPU
		{18F9E2C7-0BEA-49D4-9A31-17D457BC9199}.Debug|Any CPU.ActiveCfg = Debug|Any CPU
		{18F9E2C7-0BEA-49D4-9A31-17D457BC9199}.Debug|Any CPU.Build.0 = Debug|Any CPU
		{18F9E2C7-0BEA-49D4-9A31-17D457BC9199}.Release|Any CPU.ActiveCfg = Release|Any CPU
		{18F9E2C7-0BEA-49D4-9A31-17D457BC9199}.Release|Any CPU.Build.0 = Release|Any CPU
	EndGlobalSection
	GlobalSection(SolutionProperties) = preSolution
		HideSolutionNode = FALSE
	EndGlobalSection
	GlobalSection(ExtensibilityGlobals) = postSolution
		SolutionGuid = {855EFD36-7638-4787-A102-A607395433FE}
	EndGlobalSection
EndGlobal
